{
  "name": "luffi",
  "version": "0.1.0",
  "lockfileVersion": 3,
  "requires": true,
  "packages": {
    "": {
      "name": "luffi",
      "version": "0.1.0",
      "license": "MIT",
      "dependencies": {
        "@cross/runtime": "npm:@jsr/cross__runtime@^1.2.1",
        "@cross/test": "npm:@jsr/cross__test@^0.0.10",
        "@std/assert": "npm:@jsr/std__assert@^1.0.13",
        "koffi": "^2.12.1"
      },
      "devDependencies": {
        "@types/bun": "1.2.13",
        "@types/deno": "2.3.0",
        "@types/node": "22.15.18",
        "typescript": "5.8.3"
      }
    },
    "node_modules/@cross/runtime": {
      "name": "@jsr/cross__runtime",
      "version": "1.2.1",
      "resolved": "https://npm.jsr.io/~/11/@jsr/cross__runtime/1.2.1.tgz",
      "integrity": "sha512-/11gi9jNGA38w3vbRLqrjfz6LBU711+NZ9gYLxUFPsrGGwjOHwcJ1TSC2+fjIZbzJ21e733IEbvKX2sz8jKvmg=="
    },
    "node_modules/@cross/test": {
      "name": "@jsr/cross__test",
      "version": "0.0.10",
      "resolved": "https://npm.jsr.io/~/11/@jsr/cross__test/0.0.10.tgz",
      "integrity": "sha512-FjyJN1OxI6lPZGOYK3/iGuDzljPYUZN2Cm2eHaAHIvGPEYYBYLH4VI5ww0LDjM9GdXymitPh6PLhP8dwbNJGFw==",
      "dependencies": {
        "@jsr/cross__runtime": "^1.0.0"
      }
    },
    "node_modules/@jsr/cross__runtime": {
      "version": "1.2.1",
      "resolved": "https://npm.jsr.io/~/11/@jsr/cross__runtime/1.2.1.tgz",
      "integrity": "sha512-/11gi9jNGA38w3vbRLqrjfz6LBU711+NZ9gYLxUFPsrGGwjOHwcJ1TSC2+fjIZbzJ21e733IEbvKX2sz8jKvmg=="
    },
    "node_modules/@jsr/std__internal": {
      "version": "1.0.9",
      "resolved": "https://npm.jsr.io/~/11/@jsr/std__internal/1.0.9.tgz",
      "integrity": "sha512-s+f4qrJzZgPAy7XuFOtgaSaxyPLnnEmAfXGLvRXGxPTL76URLVHkF+hOzqXz+bmk8/awybF6BRsasxtAQOV23Q=="
    },
    "node_modules/@std/assert": {
      "name": "@jsr/std__assert",
      "version": "1.0.13",
      "resolved": "https://npm.jsr.io/~/11/@jsr/std__assert/1.0.13.tgz",
      "integrity": "sha512-rZ44REoi2/p+gqu8OfkcNeaTOSiG1kD6v8gyA0YjkXsOkDsiGw9g8h7JuGC/OD7GgOVgTEY+9Cih49Y18rkrCQ==",
      "dependencies": {
        "@jsr/std__internal": "^1.0.6"
      }
    },
    "node_modules/@types/bun": {
      "version": "1.2.13",
      "resolved": "https://registry.npmjs.org/@types/bun/-/bun-1.2.13.tgz",
      "integrity": "sha512-u6vXep/i9VBxoJl3GjZsl/BFIsvML8DfVDO0RYLEwtSZSp981kEO1V5NwRcO1CPJ7AmvpbnDCiMKo3JvbDEjAg==",
      "dev": true,
      "license": "MIT",
      "dependencies": {
        "bun-types": "1.2.13"
      }
    },
    "node_modules/@types/deno": {
      "version": "2.3.0",
      "resolved": "https://registry.npmjs.org/@types/deno/-/deno-2.3.0.tgz",
      "integrity": "sha512-/4SyefQpKjwNKGkq9qG3Ln7MazfbWKvydyVFBnXzP5OQA4u1paoFtaOe1iHKycIWHHkhYag0lPxyheThV1ijzw==",
      "dev": true,
      "license": "MIT"
    },
    "node_modules/@types/node": {
      "version": "22.15.18",
      "resolved": "https://registry.npmjs.org/@types/node/-/node-22.15.18.tgz",
      "integrity": "sha512-v1DKRfUdyW+jJhZNEI1PYy29S2YRxMV5AOO/x/SjKmW0acCIOqmbj6Haf9eHAhsPmrhlHSxEhv/1WszcLWV4cg==",
      "dev": true,
      "license": "MIT",
      "dependencies": {
        "undici-types": "~6.21.0"
      }
    },
    "node_modules/bun-types": {
      "version": "1.2.13",
      "resolved": "https://registry.npmjs.org/bun-types/-/bun-types-1.2.13.tgz",
      "integrity": "sha512-rRjA1T6n7wto4gxhAO/ErZEtOXyEZEmnIHQfl0Dt1QQSB4QV0iP6BZ9/YB5fZaHFQ2dwHFrmPaRQ9GGMX01k9Q==",
      "dev": true,
      "license": "MIT",
      "dependencies": {
        "@types/node": "*"
      }
    },
    "node_modules/koffi": {
      "version": "2.12.1",
      "resolved": "https://registry.npmjs.org/koffi/-/koffi-2.12.1.tgz",
      "integrity": "sha512-l0+ujtJtiXicQurXu8hpe5KAb5vn3uHkn9fsQFBev6d5zG5ERTJp60O/PC8K8zlwcd2jOeneNCkzCiIGQbgLIw==",
      "hasInstallScript": true,
      "license": "MIT"
    },
    "node_modules/typescript": {
      "version": "5.8.3",
      "resolved": "https://registry.npmjs.org/typescript/-/typescript-5.8.3.tgz",
      "integrity": "sha512-p1diW6TqL9L07nNxvRMM7hMMw4c5XOo/1ibL4aAIGmSAt9slTE1Xgw5KWuof2uTOvCg9BY7ZRi+GaF+7sfgPeQ==",
      "dev": true,
      "license": "Apache-2.0",
      "bin": {
        "tsc": "bin/tsc",
        "tsserver": "bin/tsserver"
      },
      "engines": {
        "node": ">=14.17"
      }
    },
    "node_modules/undici-types": {
      "version": "6.21.0",
      "resolved": "https://registry.npmjs.org/undici-types/-/undici-types-6.21.0.tgz",
      "integrity": "sha512-iwDZqg0QAGrg9Rav5H4n0M64c3mkR59cJ6wQp+7C4nI0gsmExaedaYLNO44eT4AtBBwjbTiGPMlt2Md0T9H9JQ==",
      "dev": true,
      "license": "MIT"
    }
  }
}
